
Microsoft Visual Studio Solution File, Format Version 12.00
# Visual Studio Version 17
VisualStudioVersion = 17.3.32929.385
MinimumVisualStudioVersion = 10.0.40219.1
Project("{FAE04EC0-301F-11D3-BF4B-00C04F79EFBC}") = "Mad Libs", "Mad Libs\Mad Libs.csproj", "{E6E34ECA-6069-465A-B051-EA881FDF0F7B}"
EndProject
Global
	GlobalSection(SolutionConfigurationPlatforms) = preSolution
		Debug|Any CPU = Debug|Any CPU
		Release|Any CPU = Release|Any CPU
	EndGlobalSection
	GlobalSection(ProjectConfigurationPlatforms) = postSolution
		{E6E34ECA-6069-465A-B051-EA881FDF0F7B}.Debug|Any CPU.ActiveCfg = Debug|Any CPU
		{E6E34ECA-6069-465A-B051-EA881FDF0F7B}.Debug|Any CPU.Build.0 = Debug|Any CPU
		{E6E34ECA-6069-465A-B051-EA881FDF0F7B}.Release|Any CPU.ActiveCfg = Release|Any CPU
		{E6E34ECA-6069-465A-B051-EA881FDF0F7B}.Release|Any CPU.Build.0 = Release|Any CPU
	EndGlobalSection
	GlobalSection(SolutionProperties) = preSolution
		HideSolutionNode = FALSE
	EndGlobalSection
	GlobalSection(ExtensibilityGlobals) = postSolution
		SolutionGuid = {159F2586-D977-4C29-A8A0-958057BF5F86}
	EndGlobalSection
EndGlobal
